# generated by rye
# use `rye lock` or `rye sync` to update this lockfile
#
# last locked with the following flags:
#   pre: false
#   features: []
#   all-features: false
#   with-sources: false
#   generate-hashes: false

-e file:.
aniso8601==9.0.1
    # via flask-restful
babel==2.15.0
    # via flask-babel
biopython==1.84
    # via plant-tree-db
blinker==1.8.2
    # via flask
bootstrap-flask==2.4.0
    # via plant-tree-db
cachelib==0.13.0
    # via flask-session
certifi==2024.7.4
    # via requests
charset-normalizer==3.3.2
    # via requests
click==8.1.7
    # via flask
colorama==0.4.6
    # via click
dendropy==5.0.1
    # via plant-tree-db
dnspython==2.6.1
    # via email-validator
email-validator==2.2.0
    # via plant-tree-db
flask==3.0.3
    # via bootstrap-flask
    # via flask-admin
    # via flask-babel
    # via flask-cors
    # via flask-login
    # via flask-restful
    # via flask-session
    # via flask-sqlalchemy
    # via flask-wtf
    # via plant-tree-db
flask-admin==1.6.1
    # via plant-tree-db
flask-babel==4.0.0
    # via plant-tree-db
flask-cors==4.0.1
    # via flask-restful-swagger-3
flask-login==0.6.3
    # via plant-tree-db
flask-restful==0.3.10
    # via flask-restful-swagger-3
    # via plant-tree-db
flask-restful-swagger-3==0.5.1
    # via plant-tree-db
flask-session==0.6.0
    # via plant-tree-db
flask-sqlalchemy==3.1.1
    # via plant-tree-db
flask-wtf==1.2.1
    # via plant-tree-db
greenlet==3.0.3
    # via sqlalchemy
idna==3.7
    # via email-validator
    # via requests
itsdangerous==2.2.0
    # via flask
    # via flask-wtf
jinja2==3.1.4
    # via flask
    # via flask-babel
markupsafe==2.1.5
    # via jinja2
    # via werkzeug
    # via wtforms
numpy==2.0.1
    # via biopython
    # via plant-tree-db
pillow==10.4.0
    # via plant-tree-db
psycopg==3.2.1
    # via plant-tree-db
psycopg2-binary==2.9.9
    # via sqlalchemy-serializer
pytz==2024.1
    # via flask-babel
    # via flask-restful
    # via sqlalchemy-serializer
requests==2.32.3
    # via plant-tree-db
setuptools==70.3.0
    # via dendropy
    # via sqlalchemy-serializer
six==1.16.0
    # via flask-restful
sqlalchemy==2.0.29
    # via flask-sqlalchemy
    # via sqlalchemy-serializer
sqlalchemy-serializer==1.4.22
    # via plant-tree-db
typing-extensions==4.12.2
    # via psycopg
    # via sqlalchemy
tzdata==2024.1
    # via psycopg
urllib3==2.2.2
    # via requests
waitress==3.0.0
    # via plant-tree-db
werkzeug==3.0.3
    # via flask
    # via flask-login
wtforms==3.1.2
    # via bootstrap-flask
    # via flask-admin
    # via flask-wtf
